// !$*UTF8*$!
{
	archiveVersion = 1;
	classes = {
	};
	objectVersion = 50;
	objects = {

/* Begin PBXBuildFile section */
		382FFB8A219DF77C002386DB /* AppDelegate.swift in Sources */ = {isa = PBXBuildFile; fileRef = 382FFB89219DF77C002386DB /* AppDelegate.swift */; };
		382FFB8C219DF77C002386DB /* ViewController.swift in Sources */ = {isa = PBXBuildFile; fileRef = 382FFB8B219DF77C002386DB /* ViewController.swift */; };
		382FFB8F219DF77C002386DB /* Main.storyboard in Resources */ = {isa = PBXBuildFile; fileRef = 382FFB8D219DF77C002386DB /* Main.storyboard */; };
		382FFB91219DF77E002386DB /* Assets.xcassets in Resources */ = {isa = PBXBuildFile; fileRef = 382FFB90219DF77E002386DB /* Assets.xcassets */; };
		382FFB94219DF77E002386DB /* LaunchScreen.storyboard in Resources */ = {isa = PBXBuildFile; fileRef = 382FFB92219DF77E002386DB /* LaunchScreen.storyboard */; };
		382FFB9F219DF77E002386DB /* TestAutoDeployTests.swift in Sources */ = {isa = PBXBuildFile; fileRef = 382FFB9E219DF77E002386DB /* TestAutoDeployTests.swift */; };
		382FFBAA219DF77F002386DB /* TestAutoDeployUITests.swift in Sources */ = {isa = PBXBuildFile; fileRef = 382FFBA9219DF77F002386DB /* TestAutoDeployUITests.swift */; };
		385817AB219EE1770014283A /* StarLayer.swift in Sources */ = {isa = PBXBuildFile; fileRef = 3858179C219EE1640014283A /* StarLayer.swift */; };
		385817AC219EE1770014283A /* CosmosAccessibility.swift in Sources */ = {isa = PBXBuildFile; fileRef = 3858179D219EE1650014283A /* CosmosAccessibility.swift */; };
		385817AD219EE1770014283A /* CosmosText.swift in Sources */ = {isa = PBXBuildFile; fileRef = 3858179E219EE1670014283A /* CosmosText.swift */; };
		385817AE219EE1770014283A /* StarFillMode.swift in Sources */ = {isa = PBXBuildFile; fileRef = 3858179F219EE1670014283A /* StarFillMode.swift */; };
		385817AF219EE1770014283A /* RightToLeft.swift in Sources */ = {isa = PBXBuildFile; fileRef = 385817A0219EE1680014283A /* RightToLeft.swift */; };
		385817B0219EE1770014283A /* CosmosView.swift in Sources */ = {isa = PBXBuildFile; fileRef = 385817A1219EE16B0014283A /* CosmosView.swift */; };
		385817B1219EE1770014283A /* CosmosDefaultSettings.swift in Sources */ = {isa = PBXBuildFile; fileRef = 385817A2219EE1700014283A /* CosmosDefaultSettings.swift */; };
		385817B2219EE1770014283A /* CosmosLayerHelper.swift in Sources */ = {isa = PBXBuildFile; fileRef = 385817A3219EE1750014283A /* CosmosLayerHelper.swift */; };
		385817B3219EE1770014283A /* CosmosSize.swift in Sources */ = {isa = PBXBuildFile; fileRef = 385817A4219EE1750014283A /* CosmosSize.swift */; };
		385817B4219EE1770014283A /* CosmosTouchTarget.swift in Sources */ = {isa = PBXBuildFile; fileRef = 385817A5219EE1750014283A /* CosmosTouchTarget.swift */; };
		385817B5219EE1770014283A /* CosmosLocalizedRating.swift in Sources */ = {isa = PBXBuildFile; fileRef = 385817A6219EE1760014283A /* CosmosLocalizedRating.swift */; };
		385817B6219EE1770014283A /* CosmosTouch.swift in Sources */ = {isa = PBXBuildFile; fileRef = 385817A7219EE1760014283A /* CosmosTouch.swift */; };
		385817B7219EE1770014283A /* CosmosLayers.swift in Sources */ = {isa = PBXBuildFile; fileRef = 385817A8219EE1770014283A /* CosmosLayers.swift */; };
		385817B8219EE1770014283A /* CosmosSettings.swift in Sources */ = {isa = PBXBuildFile; fileRef = 385817A9219EE1770014283A /* CosmosSettings.swift */; };
		385817B9219EE1770014283A /* CosmosRating.swift in Sources */ = {isa = PBXBuildFile; fileRef = 385817AA219EE1770014283A /* CosmosRating.swift */; };
/* End PBXBuildFile section */

/* Begin PBXContainerItemProxy section */
		382FFB9B219DF77E002386DB /* PBXContainerItemProxy */ = {
			isa = PBXContainerItemProxy;
			containerPortal = 382FFB7E219DF77C002386DB /* Project object */;
			proxyType = 1;
			remoteGlobalIDString = 382FFB85219DF77C002386DB;
			remoteInfo = TestAutoDeploy;
		};
		382FFBA6219DF77F002386DB /* PBXContainerItemProxy */ = {
			isa = PBXContainerItemProxy;
			containerPortal = 382FFB7E219DF77C002386DB /* Project object */;
			proxyType = 1;
			remoteGlobalIDString = 382FFB85219DF77C002386DB;
			remoteInfo = TestAutoDeploy;
		};
/* End PBXContainerItemProxy section */

/* Begin PBXFileReference section */
		382FFB86219DF77C002386DB /* TestAutoDeploy.app */ = {isa = PBXFileReference; explicitFileType = wrapper.application; includeInIndex = 0; path = TestAutoDeploy.app; sourceTree = BUILT_PRODUCTS_DIR; };
		382FFB89219DF77C002386DB /* AppDelegate.swift */ = {isa = PBXFileReference; lastKnownFileType = sourcecode.swift; path = AppDelegate.swift; sourceTree = "<group>"; };
		382FFB8B219DF77C002386DB /* ViewController.swift */ = {isa = PBXFileReference; lastKnownFileType = sourcecode.swift; path = ViewController.swift; sourceTree = "<group>"; };
		382FFB8E219DF77C002386DB /* Base */ = {isa = PBXFileReference; lastKnownFileType = file.storyboard; name = Base; path = Base.lproj/Main.storyboard; sourceTree = "<group>"; };
		382FFB90219DF77E002386DB /* Assets.xcassets */ = {isa = PBXFileReference; lastKnownFileType = folder.assetcatalog; path = Assets.xcassets; sourceTree = "<group>"; };
		382FFB93219DF77E002386DB /* Base */ = {isa = PBXFileReference; lastKnownFileType = file.storyboard; name = Base; path = Base.lproj/LaunchScreen.storyboard; sourceTree = "<group>"; };
		382FFB95219DF77E002386DB /* Info.plist */ = {isa = PBXFileReference; lastKnownFileType = text.plist.xml; path = Info.plist; sourceTree = "<group>"; };
		382FFB9A219DF77E002386DB /* TestAutoDeployTests.xctest */ = {isa = PBXFileReference; explicitFileType = wrapper.cfbundle; includeInIndex = 0; path = TestAutoDeployTests.xctest; sourceTree = BUILT_PRODUCTS_DIR; };
		382FFB9E219DF77E002386DB /* TestAutoDeployTests.swift */ = {isa = PBXFileReference; lastKnownFileType = sourcecode.swift; path = TestAutoDeployTests.swift; sourceTree = "<group>"; };
		382FFBA0219DF77F002386DB /* Info.plist */ = {isa = PBXFileReference; lastKnownFileType = text.plist.xml; path = Info.plist; sourceTree = "<group>"; };
		382FFBA5219DF77F002386DB /* TestAutoDeployUITests.xctest */ = {isa = PBXFileReference; explicitFileType = wrapper.cfbundle; includeInIndex = 0; path = TestAutoDeployUITests.xctest; sourceTree = BUILT_PRODUCTS_DIR; };
		382FFBA9219DF77F002386DB /* TestAutoDeployUITests.swift */ = {isa = PBXFileReference; lastKnownFileType = sourcecode.swift; path = TestAutoDeployUITests.swift; sourceTree = "<group>"; };
		382FFBAB219DF77F002386DB /* Info.plist */ = {isa = PBXFileReference; lastKnownFileType = text.plist.xml; path = Info.plist; sourceTree = "<group>"; };
		3858179C219EE1640014283A /* StarLayer.swift */ = {isa = PBXFileReference; fileEncoding = 4; lastKnownFileType = sourcecode.swift; path = StarLayer.swift; sourceTree = "<group>"; };
		3858179D219EE1650014283A /* CosmosAccessibility.swift */ = {isa = PBXFileReference; fileEncoding = 4; lastKnownFileType = sourcecode.swift; path = CosmosAccessibility.swift; sourceTree = "<group>"; };
		3858179E219EE1670014283A /* CosmosText.swift */ = {isa = PBXFileReference; fileEncoding = 4; lastKnownFileType = sourcecode.swift; path = CosmosText.swift; sourceTree = "<group>"; };
		3858179F219EE1670014283A /* StarFillMode.swift */ = {isa = PBXFileReference; fileEncoding = 4; lastKnownFileType = sourcecode.swift; path = StarFillMode.swift; sourceTree = "<group>"; };
		385817A0219EE1680014283A /* RightToLeft.swift */ = {isa = PBXFileReference; fileEncoding = 4; lastKnownFileType = sourcecode.swift; path = RightToLeft.swift; sourceTree = "<group>"; };
		385817A1219EE16B0014283A /* CosmosView.swift */ = {isa = PBXFileReference; fileEncoding = 4; lastKnownFileType = sourcecode.swift; path = CosmosView.swift; sourceTree = "<group>"; };
		385817A2219EE1700014283A /* CosmosDefaultSettings.swift */ = {isa = PBXFileReference; fileEncoding = 4; lastKnownFileType = sourcecode.swift; path = CosmosDefaultSettings.swift; sourceTree = "<group>"; };
		385817A3219EE1750014283A /* CosmosLayerHelper.swift */ = {isa = PBXFileReference; fileEncoding = 4; lastKnownFileType = sourcecode.swift; path = CosmosLayerHelper.swift; sourceTree = "<group>"; };
		385817A4219EE1750014283A /* CosmosSize.swift */ = {isa = PBXFileReference; fileEncoding = 4; lastKnownFileType = sourcecode.swift; path = CosmosSize.swift; sourceTree = "<group>"; };
		385817A5219EE1750014283A /* CosmosTouchTarget.swift */ = {isa = PBXFileReference; fileEncoding = 4; lastKnownFileType = sourcecode.swift; path = CosmosTouchTarget.swift; sourceTree = "<group>"; };
		385817A6219EE1760014283A /* CosmosLocalizedRating.swift */ = {isa = PBXFileReference; fileEncoding = 4; lastKnownFileType = sourcecode.swift; path = CosmosLocalizedRating.swift; sourceTree = "<group>"; };
		385817A7219EE1760014283A /* CosmosTouch.swift */ = {isa = PBXFileReference; fileEncoding = 4; lastKnownFileType = sourcecode.swift; path = CosmosTouch.swift; sourceTree = "<group>"; };
		385817A8219EE1770014283A /* CosmosLayers.swift */ = {isa = PBXFileReference; fileEncoding = 4; lastKnownFileType = sourcecode.swift; path = CosmosLayers.swift; sourceTree = "<group>"; };
		385817A9219EE1770014283A /* CosmosSettings.swift */ = {isa = PBXFileReference; fileEncoding = 4; lastKnownFileType = sourcecode.swift; path = CosmosSettings.swift; sourceTree = "<group>"; };
		385817AA219EE1770014283A /* CosmosRating.swift */ = {isa = PBXFileReference; fileEncoding = 4; lastKnownFileType = sourcecode.swift; path = CosmosRating.swift; sourceTree = "<group>"; };
/* End PBXFileReference section */

/* Begin PBXFrameworksBuildPhase section */
		382FFB83219DF77C002386DB /* Frameworks */ = {
			isa = PBXFrameworksBuildPhase;
			buildActionMask = 2147483647;
			files = (
			);
			runOnlyForDeploymentPostprocessing = 0;
		};
		382FFB97219DF77E002386DB /* Frameworks */ = {
			isa = PBXFrameworksBuildPhase;
			buildActionMask = 2147483647;
			files = (
			);
			runOnlyForDeploymentPostprocessing = 0;
		};
		382FFBA2219DF77F002386DB /* Frameworks */ = {
			isa = PBXFrameworksBuildPhase;
			buildActionMask = 2147483647;
			files = (
			);
			runOnlyForDeploymentPostprocessing = 0;
		};
/* End PBXFrameworksBuildPhase section */

/* Begin PBXGroup section */
		382FFB7D219DF77C002386DB = {
			isa = PBXGroup;
			children = (
				382FFB88219DF77C002386DB /* TestAutoDeploy */,
				382FFB9D219DF77E002386DB /* TestAutoDeployTests */,
				382FFBA8219DF77F002386DB /* TestAutoDeployUITests */,
				382FFB87219DF77C002386DB /* Products */,
			);
			sourceTree = "<group>";
		};
		382FFB87219DF77C002386DB /* Products */ = {
			isa = PBXGroup;
			children = (
				382FFB86219DF77C002386DB /* TestAutoDeploy.app */,
				382FFB9A219DF77E002386DB /* TestAutoDeployTests.xctest */,
				382FFBA5219DF77F002386DB /* TestAutoDeployUITests.xctest */,
			);
			name = Products;
			sourceTree = "<group>";
		};
		382FFB88219DF77C002386DB /* TestAutoDeploy */ = {
			isa = PBXGroup;
			children = (
				3858179D219EE1650014283A /* CosmosAccessibility.swift */,
				385817A2219EE1700014283A /* CosmosDefaultSettings.swift */,
				385817A3219EE1750014283A /* CosmosLayerHelper.swift */,
				385817A8219EE1770014283A /* CosmosLayers.swift */,
				385817A6219EE1760014283A /* CosmosLocalizedRating.swift */,
				385817AA219EE1770014283A /* CosmosRating.swift */,
				385817A9219EE1770014283A /* CosmosSettings.swift */,
				385817A4219EE1750014283A /* CosmosSize.swift */,
				3858179E219EE1670014283A /* CosmosText.swift */,
				385817A7219EE1760014283A /* CosmosTouch.swift */,
				385817A5219EE1750014283A /* CosmosTouchTarget.swift */,
				385817A1219EE16B0014283A /* CosmosView.swift */,
				385817A0219EE1680014283A /* RightToLeft.swift */,
				3858179F219EE1670014283A /* StarFillMode.swift */,
				3858179C219EE1640014283A /* StarLayer.swift */,
				382FFB89219DF77C002386DB /* AppDelegate.swift */,
				382FFB8B219DF77C002386DB /* ViewController.swift */,
				382FFB8D219DF77C002386DB /* Main.storyboard */,
				382FFB90219DF77E002386DB /* Assets.xcassets */,
				382FFB92219DF77E002386DB /* LaunchScreen.storyboard */,
				382FFB95219DF77E002386DB /* Info.plist */,
			);
			path = TestAutoDeploy;
			sourceTree = "<group>";
		};
		382FFB9D219DF77E002386DB /* TestAutoDeployTests */ = {
			isa = PBXGroup;
			children = (
				382FFB9E219DF77E002386DB /* TestAutoDeployTests.swift */,
				382FFBA0219DF77F002386DB /* Info.plist */,
			);
			path = TestAutoDeployTests;
			sourceTree = "<group>";
		};
		382FFBA8219DF77F002386DB /* TestAutoDeployUITests */ = {
			isa = PBXGroup;
			children = (
				382FFBA9219DF77F002386DB /* TestAutoDeployUITests.swift */,
				382FFBAB219DF77F002386DB /* Info.plist */,
			);
			path = TestAutoDeployUITests;
			sourceTree = "<group>";
		};
/* End PBXGroup section */

/* Begin PBXNativeTarget section */
		382FFB85219DF77C002386DB /* TestAutoDeploy */ = {
			isa = PBXNativeTarget;
			buildConfigurationList = 382FFBAE219DF77F002386DB /* Build configuration list for PBXNativeTarget "TestAutoDeploy" */;
			buildPhases = (
				382FFB82219DF77C002386DB /* Sources */,
				382FFB83219DF77C002386DB /* Frameworks */,
				382FFB84219DF77C002386DB /* Resources */,
			);
			buildRules = (
			);
			dependencies = (
			);
			name = TestAutoDeploy;
			productName = TestAutoDeploy;
			productReference = 382FFB86219DF77C002386DB /* TestAutoDeploy.app */;
			productType = "com.apple.product-type.application";
		};
		382FFB99219DF77E002386DB /* TestAutoDeployTests */ = {
			isa = PBXNativeTarget;
			buildConfigurationList = 382FFBB1219DF77F002386DB /* Build configuration list for PBXNativeTarget "TestAutoDeployTests" */;
			buildPhases = (
				382FFB96219DF77E002386DB /* Sources */,
				382FFB97219DF77E002386DB /* Frameworks */,
				382FFB98219DF77E002386DB /* Resources */,
			);
			buildRules = (
			);
			dependencies = (
				382FFB9C219DF77E002386DB /* PBXTargetDependency */,
			);
			name = TestAutoDeployTests;
			productName = TestAutoDeployTests;
			productReference = 382FFB9A219DF77E002386DB /* TestAutoDeployTests.xctest */;
			productType = "com.apple.product-type.bundle.unit-test";
		};
		382FFBA4219DF77F002386DB /* TestAutoDeployUITests */ = {
			isa = PBXNativeTarget;
			buildConfigurationList = 382FFBB4219DF77F002386DB /* Build configuration list for PBXNativeTarget "TestAutoDeployUITests" */;
			buildPhases = (
				382FFBA1219DF77F002386DB /* Sources */,
				382FFBA2219DF77F002386DB /* Frameworks */,
				382FFBA3219DF77F002386DB /* Resources */,
			);
			buildRules = (
			);
			dependencies = (
				382FFBA7219DF77F002386DB /* PBXTargetDependency */,
			);
			name = TestAutoDeployUITests;
			productName = TestAutoDeployUITests;
			productReference = 382FFBA5219DF77F002386DB /* TestAutoDeployUITests.xctest */;
			productType = "com.apple.product-type.bundle.ui-testing";
		};
/* End PBXNativeTarget section */

/* Begin PBXProject section */
		382FFB7E219DF77C002386DB /* Project object */ = {
			isa = PBXProject;
			attributes = {
				LastSwiftUpdateCheck = 1010;
				LastUpgradeCheck = 1010;
				ORGANIZATIONNAME = "Елена Медведева";
				TargetAttributes = {
					382FFB85219DF77C002386DB = {
						CreatedOnToolsVersion = 10.1;
					};
					382FFB99219DF77E002386DB = {
						CreatedOnToolsVersion = 10.1;
						TestTargetID = 382FFB85219DF77C002386DB;
					};
					382FFBA4219DF77F002386DB = {
						CreatedOnToolsVersion = 10.1;
						TestTargetID = 382FFB85219DF77C002386DB;
					};
				};
			};
			buildConfigurationList = 382FFB81219DF77C002386DB /* Build configuration list for PBXProject "TestAutoDeploy" */;
			compatibilityVersion = "Xcode 9.3";
			developmentRegion = en;
			hasScannedForEncodings = 0;
			knownRegions = (
				en,
				Base,
			);
			mainGroup = 382FFB7D219DF77C002386DB;
			productRefGroup = 382FFB87219DF77C002386DB /* Products */;
			projectDirPath = "";
			projectRoot = "";
			targets = (
				382FFB85219DF77C002386DB /* TestAutoDeploy */,
				382FFB99219DF77E002386DB /* TestAutoDeployTests */,
				382FFBA4219DF77F002386DB /* TestAutoDeployUITests */,
			);
		};
/* End PBXProject section */

/* Begin PBXResourcesBuildPhase section */
		382FFB84219DF77C002386DB /* Resources */ = {
			isa = PBXResourcesBuildPhase;
			buildActionMask = 2147483647;
			files = (
				382FFB94219DF77E002386DB /* LaunchScreen.storyboard in Resources */,
				382FFB91219DF77E002386DB /* Assets.xcassets in Resources */,
				382FFB8F219DF77C002386DB /* Main.storyboard in Resources */,
			);
			runOnlyForDeploymentPostprocessing = 0;
		};
		382FFB98219DF77E002386DB /* Resources */ = {
			isa = PBXResourcesBuildPhase;
			buildActionMask = 2147483647;
			files = (
			);
			runOnlyForDeploymentPostprocessing = 0;
		};
		382FFBA3219DF77F002386DB /* Resources */ = {
			isa = PBXResourcesBuildPhase;
			buildActionMask = 2147483647;
			files = (
			);
			runOnlyForDeploymentPostprocessing = 0;
		};
/* End PBXResourcesBuildPhase section */

/* Begin PBXSourcesBuildPhase section */
		382FFB82219DF77C002386DB /* Sources */ = {
			isa = PBXSourcesBuildPhase;
			buildActionMask = 2147483647;
			files = (
				385817AC219EE1770014283A /* CosmosAccessibility.swift in Sources */,
				385817AE219EE1770014283A /* StarFillMode.swift in Sources */,
				385817B3219EE1770014283A /* CosmosSize.swift in Sources */,
				385817B7219EE1770014283A /* CosmosLayers.swift in Sources */,
				385817B8219EE1770014283A /* CosmosSettings.swift in Sources */,
				385817B1219EE1770014283A /* CosmosDefaultSettings.swift in Sources */,
				385817B2219EE1770014283A /* CosmosLayerHelper.swift in Sources */,
				385817B0219EE1770014283A /* CosmosView.swift in Sources */,
				385817B5219EE1770014283A /* CosmosLocalizedRating.swift in Sources */,
				382FFB8C219DF77C002386DB /* ViewController.swift in Sources */,
				385817AD219EE1770014283A /* CosmosText.swift in Sources */,
				385817B9219EE1770014283A /* CosmosRating.swift in Sources */,
				385817B6219EE1770014283A /* CosmosTouch.swift in Sources */,
				385817B4219EE1770014283A /* CosmosTouchTarget.swift in Sources */,
				385817AF219EE1770014283A /* RightToLeft.swift in Sources */,
				382FFB8A219DF77C002386DB /* AppDelegate.swift in Sources */,
				385817AB219EE1770014283A /* StarLayer.swift in Sources */,
			);
			runOnlyForDeploymentPostprocessing = 0;
		};
		382FFB96219DF77E002386DB /* Sources */ = {
			isa = PBXSourcesBuildPhase;
			buildActionMask = 2147483647;
			files = (
				382FFB9F219DF77E002386DB /* TestAutoDeployTests.swift in Sources */,
			);
			runOnlyForDeploymentPostprocessing = 0;
		};
		382FFBA1219DF77F002386DB /* Sources */ = {
			isa = PBXSourcesBuildPhase;
			buildActionMask = 2147483647;
			files = (
				382FFBAA219DF77F002386DB /* TestAutoDeployUITests.swift in Sources */,
			);
			runOnlyForDeploymentPostprocessing = 0;
		};
/* End PBXSourcesBuildPhase section */

/* Begin PBXTargetDependency section */
		382FFB9C219DF77E002386DB /* PBXTargetDependency */ = {
			isa = PBXTargetDependency;
			target = 382FFB85219DF77C002386DB /* TestAutoDeploy */;
			targetProxy = 382FFB9B219DF77E002386DB /* PBXContainerItemProxy */;
		};
		382FFBA7219DF77F002386DB /* PBXTargetDependency */ = {
			isa = PBXTargetDependency;
			target = 382FFB85219DF77C002386DB /* TestAutoDeploy */;
			targetProxy = 382FFBA6219DF77F002386DB /* PBXContainerItemProxy */;
		};
/* End PBXTargetDependency section */

/* Begin PBXVariantGroup section */
		382FFB8D219DF77C002386DB /* Main.storyboard */ = {
			isa = PBXVariantGroup;
			children = (
				382FFB8E219DF77C002386DB /* Base */,
			);
			name = Main.storyboard;
			sourceTree = "<group>";
		};
		382FFB92219DF77E002386DB /* LaunchScreen.storyboard */ = {
			isa = PBXVariantGroup;
			children = (
				382FFB93219DF77E002386DB /* Base */,
			);
			name = LaunchScreen.storyboard;
			sourceTree = "<group>";
		};
/* End PBXVariantGroup section */

/* Begin XCBuildConfiguration section */
		382FFBAC219DF77F002386DB /* Debug */ = {
			isa = XCBuildConfiguration;
			buildSettings = {
				ALWAYS_SEARCH_USER_PATHS = NO;
				CLANG_ANALYZER_NONNULL = YES;
				CLANG_ANALYZER_NUMBER_OBJECT_CONVERSION = YES_AGGRESSIVE;
				CLANG_CXX_LANGUAGE_STANDARD = "gnu++14";
				CLANG_CXX_LIBRARY = "libc++";
				CLANG_ENABLE_MODULES = YES;
				CLANG_ENABLE_OBJC_ARC = YES;
				CLANG_ENABLE_OBJC_WEAK = YES;
				CLANG_WARN_BLOCK_CAPTURE_AUTORELEASING = YES;
				CLANG_WARN_BOOL_CONVERSION = YES;
				CLANG_WARN_COMMA = YES;
				CLANG_WARN_CONSTANT_CONVERSION = YES;
				CLANG_WARN_DEPRECATED_OBJC_IMPLEMENTATIONS = YES;
				CLANG_WARN_DIRECT_OBJC_ISA_USAGE = YES_ERROR;
				CLANG_WARN_DOCUMENTATION_COMMENTS = YES;
				CLANG_WARN_EMPTY_BODY = YES;
				CLANG_WARN_ENUM_CONVERSION = YES;
				CLANG_WARN_INFINITE_RECURSION = YES;
				CLANG_WARN_INT_CONVERSION = YES;
				CLANG_WARN_NON_LITERAL_NULL_CONVERSION = YES;
				CLANG_WARN_OBJC_IMPLICIT_RETAIN_SELF = YES;
				CLANG_WARN_OBJC_LITERAL_CONVERSION = YES;
				CLANG_WARN_OBJC_ROOT_CLASS = YES_ERROR;
				CLANG_WARN_RANGE_LOOP_ANALYSIS = YES;
				CLANG_WARN_STRICT_PROTOTYPES = YES;
				CLANG_WARN_SUSPICIOUS_MOVE = YES;
				CLANG_WARN_UNGUARDED_AVAILABILITY = YES_AGGRESSIVE;
				CLANG_WARN_UNREACHABLE_CODE = YES;
				CLANG_WARN__DUPLICATE_METHOD_MATCH = YES;
				CODE_SIGN_IDENTITY = "iPhone Developer";
				COPY_PHASE_STRIP = NO;
				DEBUG_INFORMATION_FORMAT = dwarf;
				ENABLE_STRICT_OBJC_MSGSEND = YES;
				ENABLE_TESTABILITY = YES;
				GCC_C_LANGUAGE_STANDARD = gnu11;
				GCC_DYNAMIC_NO_PIC = NO;
				GCC_NO_COMMON_BLOCKS = YES;
				GCC_OPTIMIZATION_LEVEL = 0;
				GCC_PREPROCESSOR_DEFINITIONS = (
					"DEBUG=1",
					"$(inherited)",
				);
				GCC_WARN_64_TO_32_BIT_CONVERSION = YES;
				GCC_WARN_ABOUT_RETURN_TYPE = YES_ERROR;
				GCC_WARN_UNDECLARED_SELECTOR = YES;
				GCC_WARN_UNINITIALIZED_AUTOS = YES_AGGRESSIVE;
				GCC_WARN_UNUSED_FUNCTION = YES;
				GCC_WARN_UNUSED_VARIABLE = YES;
				IPHONEOS_DEPLOYMENT_TARGET = 12.1;
				MTL_ENABLE_DEBUG_INFO = INCLUDE_SOURCE;
				MTL_FAST_MATH = YES;
				ONLY_ACTIVE_ARCH = YES;
				SDKROOT = iphoneos;
				SWIFT_ACTIVE_COMPILATION_CONDITIONS = DEBUG;
				SWIFT_OPTIMIZATION_LEVEL = "-Onone";
			};
			name = Debug;
		};
		382FFBAD219DF77F002386DB /* Release */ = {
			isa = XCBuildConfiguration;
			buildSettings = {
				ALWAYS_SEARCH_USER_PATHS = NO;
				CLANG_ANALYZER_NONNULL = YES;
				CLANG_ANALYZER_NUMBER_OBJECT_CONVERSION = YES_AGGRESSIVE;
				CLANG_CXX_LANGUAGE_STANDARD = "gnu++14";
				CLANG_CXX_LIBRARY = "libc++";
				CLANG_ENABLE_MODULES = YES;
				CLANG_ENABLE_OBJC_ARC = YES;
				CLANG_ENABLE_OBJC_WEAK = YES;
				CLANG_WARN_BLOCK_CAPTURE_AUTORELEASING = YES;
				CLANG_WARN_BOOL_CONVERSION = YES;
				CLANG_WARN_COMMA = YES;
				CLANG_WARN_CONSTANT_CONVERSION = YES;
				CLANG_WARN_DEPRECATED_OBJC_IMPLEMENTATIONS = YES;
				CLANG_WARN_DIRECT_OBJC_ISA_USAGE = YES_ERROR;
				CLANG_WARN_DOCUMENTATION_COMMENTS = YES;
				CLANG_WARN_EMPTY_BODY = YES;
				CLANG_WARN_ENUM_CONVERSION = YES;
				CLANG_WARN_INFINITE_RECURSION = YES;
				CLANG_WARN_INT_CONVERSION = YES;
				CLANG_WARN_NON_LITERAL_NULL_CONVERSION = YES;
				CLANG_WARN_OBJC_IMPLICIT_RETAIN_SELF = YES;
				CLANG_WARN_OBJC_LITERAL_CONVERSION = YES;
				CLANG_WARN_OBJC_ROOT_CLASS = YES_ERROR;
				CLANG_WARN_RANGE_LOOP_ANALYSIS = YES;
				CLANG_WARN_STRICT_PROTOTYPES = YES;
				CLANG_WARN_SUSPICIOUS_MOVE = YES;
				CLANG_WARN_UNGUARDED_AVAILABILITY = YES_AGGRESSIVE;
				CLANG_WARN_UNREACHABLE_CODE = YES;
				CLANG_WARN__DUPLICATE_METHOD_MATCH = YES;
				CODE_SIGN_IDENTITY = "iPhone Developer";
				COPY_PHASE_STRIP = NO;
				DEBUG_INFORMATION_FORMAT = "dwarf-with-dsym";
				ENABLE_NS_ASSERTIONS = NO;
				ENABLE_STRICT_OBJC_MSGSEND = YES;
				GCC_C_LANGUAGE_STANDARD = gnu11;
				GCC_NO_COMMON_BLOCKS = YES;
				GCC_WARN_64_TO_32_BIT_CONVERSION = YES;
				GCC_WARN_ABOUT_RETURN_TYPE = YES_ERROR;
				GCC_WARN_UNDECLARED_SELECTOR = YES;
				GCC_WARN_UNINITIALIZED_AUTOS = YES_AGGRESSIVE;
				GCC_WARN_UNUSED_FUNCTION = YES;
				GCC_WARN_UNUSED_VARIABLE = YES;
				IPHONEOS_DEPLOYMENT_TARGET = 12.1;
				MTL_ENABLE_DEBUG_INFO = NO;
				MTL_FAST_MATH = YES;
				SDKROOT = iphoneos;
				SWIFT_COMPILATION_MODE = wholemodule;
				SWIFT_OPTIMIZATION_LEVEL = "-O";
				VALIDATE_PRODUCT = YES;
			};
			name = Release;
		};
		382FFBAF219DF77F002386DB /* Debug */ = {
			isa = XCBuildConfiguration;
			buildSettings = {
				ASSETCATALOG_COMPILER_APPICON_NAME = AppIcon;
				CODE_SIGN_STYLE = Automatic;
				DEVELOPMENT_TEAM = 8EH27UEKZ6;
				INFOPLIST_FILE = TestAutoDeploy/Info.plist;
				LD_RUNPATH_SEARCH_PATHS = (
					"$(inherited)",
					"@executable_path/Frameworks",
				);
				PRODUCT_BUNDLE_IDENTIFIER = com.maat.TestAutoDeploy;
				PRODUCT_NAME = "$(TARGET_NAME)";
				SWIFT_VERSION = 4.2;
				TARGETED_DEVICE_FAMILY = "1,2";
			};
			name = Debug;
		};
		382FFBB0219DF77F002386DB /* Release */ = {
			isa = XCBuildConfiguration;
			buildSettings = {
				ASSETCATALOG_COMPILER_APPICON_NAME = AppIcon;
				CODE_SIGN_STYLE = Automatic;
				DEVELOPMENT_TEAM = 8EH27UEKZ6;
				INFOPLIST_FILE = TestAutoDeploy/Info.plist;
				LD_RUNPATH_SEARCH_PATHS = (
					"$(inherited)",
					"@executable_path/Frameworks",
				);
				PRODUCT_BUNDLE_IDENTIFIER = com.maat.TestAutoDeploy;
				PRODUCT_NAME = "$(TARGET_NAME)";
				SWIFT_VERSION = 4.2;
				TARGETED_DEVICE_FAMILY = "1,2";
			};
			name = Release;
		};
		382FFBB2219DF77F002386DB /* Debug */ = {
			isa = XCBuildConfiguration;
			buildSettings = {
				ALWAYS_EMBED_SWIFT_STANDARD_LIBRARIES = YES;
				BUNDLE_LOADER = "$(TEST_HOST)";
				CODE_SIGN_STYLE = Automatic;
				DEVELOPMENT_TEAM = 8EH27UEKZ6;
				INFOPLIST_FILE = TestAutoDeployTests/Info.plist;
				LD_RUNPATH_SEARCH_PATHS = (
					"$(inherited)",
					"@executable_path/Frameworks",
					"@loader_path/Frameworks",
				);
				PRODUCT_BUNDLE_IDENTIFIER = com.maat.TestAutoDeployTests;
				PRODUCT_NAME = "$(TARGET_NAME)";
				SWIFT_VERSION = 4.2;
				TARGETED_DEVICE_FAMILY = "1,2";
				TEST_HOST = "$(BUILT_PRODUCTS_DIR)/TestAutoDeploy.app/TestAutoDeploy";
			};
			name = Debug;
		};
		382FFBB3219DF77F002386DB /* Release */ = {
			isa = XCBuildConfiguration;
			buildSettings = {
				ALWAYS_EMBED_SWIFT_STANDARD_LIBRARIES = YES;
				BUNDLE_LOADER = "$(TEST_HOST)";
				CODE_SIGN_STYLE = Automatic;
				DEVELOPMENT_TEAM = 8EH27UEKZ6;
				INFOPLIST_FILE = TestAutoDeployTests/Info.plist;
				LD_RUNPATH_SEARCH_PATHS = (
					"$(inherited)",
					"@executable_path/Frameworks",
					"@loader_path/Frameworks",
				);
				PRODUCT_BUNDLE_IDENTIFIER = com.maat.TestAutoDeployTests;
				PRODUCT_NAME = "$(TARGET_NAME)";
				SWIFT_VERSION = 4.2;
				TARGETED_DEVICE_FAMILY = "1,2";
				TEST_HOST = "$(BUILT_PRODUCTS_DIR)/TestAutoDeploy.app/TestAutoDeploy";
			};
			name = Release;
		};
		382FFBB5219DF77F002386DB /* Debug */ = {
			isa = XCBuildConfiguration;
			buildSettings = {
				ALWAYS_EMBED_SWIFT_STANDARD_LIBRARIES = YES;
				CODE_SIGN_STYLE = Automatic;
				DEVELOPMENT_TEAM = 8EH27UEKZ6;
				INFOPLIST_FILE = TestAutoDeployUITests/Info.plist;
				LD_RUNPATH_SEARCH_PATHS = (
					"$(inherited)",
					"@executable_path/Frameworks",
					"@loader_path/Frameworks",
				);
				PRODUCT_BUNDLE_IDENTIFIER = com.maat.TestAutoDeployUITests;
				PRODUCT_NAME = "$(TARGET_NAME)";
				SWIFT_VERSION = 4.2;
				TARGETED_DEVICE_FAMILY = "1,2";
				TEST_TARGET_NAME = TestAutoDeploy;
			};
			name = Debug;
		};
		382FFBB6219DF77F002386DB /* Release */ = {
			isa = XCBuildConfiguration;
			buildSettings = {
				ALWAYS_EMBED_SWIFT_STANDARD_LIBRARIES = YES;
				CODE_SIGN_STYLE = Automatic;
				DEVELOPMENT_TEAM = 8EH27UEKZ6;
				INFOPLIST_FILE = TestAutoDeployUITests/Info.plist;
				LD_RUNPATH_SEARCH_PATHS = (
					"$(inherited)",
					"@executable_path/Frameworks",
					"@loader_path/Frameworks",
				);
				PRODUCT_BUNDLE_IDENTIFIER = com.maat.TestAutoDeployUITests;
				PRODUCT_NAME = "$(TARGET_NAME)";
				SWIFT_VERSION = 4.2;
				TARGETED_DEVICE_FAMILY = "1,2";
				TEST_TARGET_NAME = TestAutoDeploy;
			};
			name = Release;
		};
/* End XCBuildConfiguration section */

/* Begin XCConfigurationList section */
		382FFB81219DF77C002386DB /* Build configuration list for PBXProject "TestAutoDeploy" */ = {
			isa = XCConfigurationList;
			buildConfigurations = (
				382FFBAC219DF77F002386DB /* Debug */,
				382FFBAD219DF77F002386DB /* Release */,
			);
			defaultConfigurationIsVisible = 0;
			defaultConfigurationName = Release;
		};
		382FFBAE219DF77F002386DB /* Build configuration list for PBXNativeTarget "TestAutoDeploy" */ = {
			isa = XCConfigurationList;
			buildConfigurations = (
				382FFBAF219DF77F002386DB /* Debug */,
				382FFBB0219DF77F002386DB /* Release */,
			);
			defaultConfigurationIsVisible = 0;
			defaultConfigurationName = Release;
		};
		382FFBB1219DF77F002386DB /* Build configuration list for PBXNativeTarget "TestAutoDeployTests" */ = {
			isa = XCConfigurationList;
			buildConfigurations = (
				382FFBB2219DF77F002386DB /* Debug */,
				382FFBB3219DF77F002386DB /* Release */,
			);
			defaultConfigurationIsVisible = 0;
			defaultConfigurationName = Release;
		};
		382FFBB4219DF77F002386DB /* Build configuration list for PBXNativeTarget "TestAutoDeployUITests" */ = {
			isa = XCConfigurationList;
			buildConfigurations = (
				382FFBB5219DF77F002386DB /* Debug */,
				382FFBB6219DF77F002386DB /* Release */,
			);
			defaultConfigurationIsVisible = 0;
			defaultConfigurationName = Release;
		};
/* End XCConfigurationList section */
	};
	rootObject = 382FFB7E219DF77C002386DB /* Project object */;
}
